
Microsoft Visual Studio Solution File, Format Version 11.00
# Visual Studio 2010
Project("{8BC9CEB8-8B4A-11D0-8D11-00A0C91BC942}") = "AIBotExample", "AIBotExample.vcxproj", "{220D23DC-16E1-4899-96D4-4E03748BE7ED}"
EndProject
Global
	GlobalSection(SolutionConfigurationPlatforms) = preSolution
		Debug|Win32 = Debug|Win32
		Release|Win32 = Release|Win32
	EndGlobalSection
	GlobalSection(ProjectConfigurationPlatforms) = postSolution
		{220D23DC-16E1-4899-96D4-4E03748BE7ED}.Debug|Win32.ActiveCfg = Debug|Win32
		{220D23DC-16E1-4899-96D4-4E03748BE7ED}.Debug|Win32.Build.0 = Debug|Win32
		{220D23DC-16E1-4899-96D4-4E03748BE7ED}.Release|Win32.ActiveCfg = Release|Win32
		{220D23DC-16E1-4899-96D4-4E03748BE7ED}.Release|Win32.Build.0 = Release|Win32
	EndGlobalSection
	GlobalSection(SolutionProperties) = preSolution
		HideSolutionNode = FALSE
	EndGlobalSection
EndGlobal
